// !$*UTF8*$!
{
	archiveVersion = 1;
	classes = {
	};
	objectVersion = 50;
	objects = {

/* Begin PBXBuildFile section */
		F214021623AB5381001BCB6B /* AppDelegate.swift in Sources */ = {isa = PBXBuildFile; fileRef = F214021523AB5381001BCB6B /* AppDelegate.swift */; };
		F214021823AB5381001BCB6B /* SceneDelegate.swift in Sources */ = {isa = PBXBuildFile; fileRef = F214021723AB5381001BCB6B /* SceneDelegate.swift */; };
		F214021D23AB5381001BCB6B /* Main.storyboard in Resources */ = {isa = PBXBuildFile; fileRef = F214021B23AB5381001BCB6B /* Main.storyboard */; };
		F214021F23AB5382001BCB6B /* Assets.xcassets in Resources */ = {isa = PBXBuildFile; fileRef = F214021E23AB5382001BCB6B /* Assets.xcassets */; };
		F214022223AB5382001BCB6B /* LaunchScreen.storyboard in Resources */ = {isa = PBXBuildFile; fileRef = F214022023AB5382001BCB6B /* LaunchScreen.storyboard */; };
		F2326FD723AF1EE500F67875 /* LaunchNetworking.framework in Frameworks */ = {isa = PBXBuildFile; fileRef = F2326FCE23AF1EE500F67875 /* LaunchNetworking.framework */; };
		F2326FE323AF1EE500F67875 /* LaunchNetworking.framework in Frameworks */ = {isa = PBXBuildFile; fileRef = F2326FCE23AF1EE500F67875 /* LaunchNetworking.framework */; };
		F2326FE523AF1EE500F67875 /* LaunchNetworking.framework in Embed Frameworks */ = {isa = PBXBuildFile; fileRef = F2326FCE23AF1EE500F67875 /* LaunchNetworking.framework */; settings = {ATTRIBUTES = (CodeSignOnCopy, RemoveHeadersOnCopy, ); }; };
		F2326FEC23AF1EF100F67875 /* URLSessionProtocol.swift in Sources */ = {isa = PBXBuildFile; fileRef = F2326F9623AEDEE300F67875 /* URLSessionProtocol.swift */; };
		F2326FED23AF1EF100F67875 /* URLBuilder.swift in Sources */ = {isa = PBXBuildFile; fileRef = F2326F9323AE91A700F67875 /* URLBuilder.swift */; };
		F2326FEE23AF1EF100F67875 /* LaunchNetworkingError.swift in Sources */ = {isa = PBXBuildFile; fileRef = F2A2F84123AB563C00D9FAA3 /* LaunchNetworkingError.swift */; };
		F2326FEF23AF1EF100F67875 /* NetworkManager.m in Sources */ = {isa = PBXBuildFile; fileRef = F2326F9123AE72F100F67875 /* NetworkManager.m */; };
		F2326FF023AF1EF100F67875 /* URLSessionDataTaskProtocol.swift in Sources */ = {isa = PBXBuildFile; fileRef = F2326F9823AEDF0D00F67875 /* URLSessionDataTaskProtocol.swift */; };
		F2326FF223AF1FCE00F67875 /* LaunchNetworking-Bridging-Header.h in Headers */ = {isa = PBXBuildFile; fileRef = F2326FF123AF1FCE00F67875 /* LaunchNetworking-Bridging-Header.h */; };
		F2326FF323AF2B3800F67875 /* LaunchNetworkTests.swift in Sources */ = {isa = PBXBuildFile; fileRef = F2A2F84623AB67FC00D9FAA3 /* LaunchNetworkTests.swift */; };
		F232700223AF2C2900F67875 /* LaunchIntegrationTests.swift in Sources */ = {isa = PBXBuildFile; fileRef = F2A2F83923AB55EB00D9FAA3 /* LaunchIntegrationTests.swift */; };
		F232700823AF424B00F67875 /* Launch.swift in Sources */ = {isa = PBXBuildFile; fileRef = F232700723AF424B00F67875 /* Launch.swift */; };
		F232700A23AF426800F67875 /* LaunchAPI.swift in Sources */ = {isa = PBXBuildFile; fileRef = F232700923AF426800F67875 /* LaunchAPI.swift */; };
		F2503F3423AF493900091E5F /* LaunchError.swift in Sources */ = {isa = PBXBuildFile; fileRef = F2503F3323AF493900091E5F /* LaunchError.swift */; };
		F2503F3623AF4D2100091E5F /* LaunchResponse.swift in Sources */ = {isa = PBXBuildFile; fileRef = F2503F3523AF4D2100091E5F /* LaunchResponse.swift */; };
		F2503F3E23AF4ED800091E5F /* LaunchTests.swift in Sources */ = {isa = PBXBuildFile; fileRef = F2503F3D23AF4ED800091E5F /* LaunchTests.swift */; };
		F2503F4C23AF4F1800091E5F /* LaunchIntegrationTests.swift in Sources */ = {isa = PBXBuildFile; fileRef = F2503F4B23AF4F1800091E5F /* LaunchIntegrationTests.swift */; };
		F2503F5523AF535D00091E5F /* testSerializationError.json in Resources */ = {isa = PBXBuildFile; fileRef = F2503F5323AF535D00091E5F /* testSerializationError.json */; };
		F2503F5623AF535D00091E5F /* testResponse.json in Resources */ = {isa = PBXBuildFile; fileRef = F2503F5423AF535D00091E5F /* testResponse.json */; };
		F2503F5923AF549F00091E5F /* MockURLSession.swift in Sources */ = {isa = PBXBuildFile; fileRef = F2503F5823AF549F00091E5F /* MockURLSession.swift */; };
		F2503F5A23AF54BC00091E5F /* MockURLSession.swift in Sources */ = {isa = PBXBuildFile; fileRef = F2503F5823AF549F00091E5F /* MockURLSession.swift */; };
		F2503F5B23AF54BD00091E5F /* MockURLSession.swift in Sources */ = {isa = PBXBuildFile; fileRef = F2503F5823AF549F00091E5F /* MockURLSession.swift */; };
		F2503F5C23AF54BD00091E5F /* MockURLSession.swift in Sources */ = {isa = PBXBuildFile; fileRef = F2503F5823AF549F00091E5F /* MockURLSession.swift */; };
		F2503F5E23AF54E200091E5F /* JSONFromFile.swift in Sources */ = {isa = PBXBuildFile; fileRef = F2503F5D23AF54E200091E5F /* JSONFromFile.swift */; };
		F2503F5F23AF54ED00091E5F /* JSONFromFile.swift in Sources */ = {isa = PBXBuildFile; fileRef = F2503F5D23AF54E200091E5F /* JSONFromFile.swift */; };
		F2503F6023AF54ED00091E5F /* JSONFromFile.swift in Sources */ = {isa = PBXBuildFile; fileRef = F2503F5D23AF54E200091E5F /* JSONFromFile.swift */; };
		F2503F6123AF54ED00091E5F /* JSONFromFile.swift in Sources */ = {isa = PBXBuildFile; fileRef = F2503F5D23AF54E200091E5F /* JSONFromFile.swift */; };
		F2503F6223AF553000091E5F /* testResponse.json in Resources */ = {isa = PBXBuildFile; fileRef = F2503F5423AF535D00091E5F /* testResponse.json */; };
		F2503F6323AF553100091E5F /* testResponse.json in Resources */ = {isa = PBXBuildFile; fileRef = F2503F5423AF535D00091E5F /* testResponse.json */; };
		F2503F6423AF553100091E5F /* testResponse.json in Resources */ = {isa = PBXBuildFile; fileRef = F2503F5423AF535D00091E5F /* testResponse.json */; };
		F2503F6723AF5A4400091E5F /* DateFormatters.swift in Sources */ = {isa = PBXBuildFile; fileRef = F2503F6623AF5A4400091E5F /* DateFormatters.swift */; };
		F2503F6923AF61B100091E5F /* DateFormatterTests.swift in Sources */ = {isa = PBXBuildFile; fileRef = F2503F6823AF61B100091E5F /* DateFormatterTests.swift */; };
		F2503F6B23AF722800091E5F /* Agency.swift in Sources */ = {isa = PBXBuildFile; fileRef = F2503F6A23AF722800091E5F /* Agency.swift */; };
		F2503F6D23AF748D00091E5F /* Location.swift in Sources */ = {isa = PBXBuildFile; fileRef = F2503F6C23AF748D00091E5F /* Location.swift */; };
		F2503F6F23AF757C00091E5F /* Pad.swift in Sources */ = {isa = PBXBuildFile; fileRef = F2503F6E23AF757C00091E5F /* Pad.swift */; };
		F2503F7123AF75FB00091E5F /* Rocket.swift in Sources */ = {isa = PBXBuildFile; fileRef = F2503F7023AF75FB00091E5F /* Rocket.swift */; };
		F2503F7323AF760200091E5F /* Mission.swift in Sources */ = {isa = PBXBuildFile; fileRef = F2503F7223AF760200091E5F /* Mission.swift */; };
		F2503F7723AF775400091E5F /* Payload.swift in Sources */ = {isa = PBXBuildFile; fileRef = F2503F7623AF775400091E5F /* Payload.swift */; };
		F2503F7D23AFEFC300091E5F /* LaunchesModelController.swift in Sources */ = {isa = PBXBuildFile; fileRef = F2503F7C23AFEFC300091E5F /* LaunchesModelController.swift */; };
		F2503F8223AFF93300091E5F /* LaunchTableViewCell.swift in Sources */ = {isa = PBXBuildFile; fileRef = F2503F8123AFF93300091E5F /* LaunchTableViewCell.swift */; };
		F2503F8423AFF94400091E5F /* CellIdentifiers.swift in Sources */ = {isa = PBXBuildFile; fileRef = F2503F8323AFF94400091E5F /* CellIdentifiers.swift */; };
		F2503F8623AFF9FC00091E5F /* LaunchViewModel.swift in Sources */ = {isa = PBXBuildFile; fileRef = F2503F8523AFF9FC00091E5F /* LaunchViewModel.swift */; };
		F2503F8823B005EF00091E5F /* UIImage+Downloader.swift in Sources */ = {isa = PBXBuildFile; fileRef = F2503F8723B005EF00091E5F /* UIImage+Downloader.swift */; };
		F2503F8C23B0099300091E5F /* LaunchDetailsViewController.swift in Sources */ = {isa = PBXBuildFile; fileRef = F2503F8B23B0099300091E5F /* LaunchDetailsViewController.swift */; };
		F2A2F83223AB54CF00D9FAA3 /* LaunchListViewController.swift in Sources */ = {isa = PBXBuildFile; fileRef = F2A2F83123AB54CF00D9FAA3 /* LaunchListViewController.swift */; };
		F2D74CA623B0133600FF706A /* Storyboard.swift in Sources */ = {isa = PBXBuildFile; fileRef = F2D74CA523B0133600FF706A /* Storyboard.swift */; };
		F2D74CA823B02E4F00FF706A /* LaunchModelController.swift in Sources */ = {isa = PBXBuildFile; fileRef = F2D74CA723B02E4F00FF706A /* LaunchModelController.swift */; };
		F2D74CAC23B0333400FF706A /* MissionsViewController.swift in Sources */ = {isa = PBXBuildFile; fileRef = F2D74CAB23B0333400FF706A /* MissionsViewController.swift */; };
		F2D74CAE23B036A500FF706A /* MissionsViewModel.swift in Sources */ = {isa = PBXBuildFile; fileRef = F2D74CAD23B036A500FF706A /* MissionsViewModel.swift */; };
		F2D74CB023B0386D00FF706A /* MissionTableViewCell.swift in Sources */ = {isa = PBXBuildFile; fileRef = F2D74CAF23B0386D00FF706A /* MissionTableViewCell.swift */; };
		F2FC1E2323B0738600B58ECE /* MissionTableView.swift in Sources */ = {isa = PBXBuildFile; fileRef = F2FC1E2223B0738600B58ECE /* MissionTableView.swift */; };
		F2FC1E2523B074DD00B58ECE /* MissionContainerView.swift in Sources */ = {isa = PBXBuildFile; fileRef = F2FC1E2423B074DD00B58ECE /* MissionContainerView.swift */; };
		F2FC1E2723B07D2400B58ECE /* AgencyViewModel.swift in Sources */ = {isa = PBXBuildFile; fileRef = F2FC1E2623B07D2400B58ECE /* AgencyViewModel.swift */; };
		F2FC1E2923B0885200B58ECE /* LocationViewModel.swift in Sources */ = {isa = PBXBuildFile; fileRef = F2FC1E2823B0885200B58ECE /* LocationViewModel.swift */; };
		F2FC1E2B23B08DE100B58ECE /* RocketViewModel.swift in Sources */ = {isa = PBXBuildFile; fileRef = F2FC1E2A23B08DE100B58ECE /* RocketViewModel.swift */; };
		F2FC1E2E23B0911400B58ECE /* ContentTextView.swift in Sources */ = {isa = PBXBuildFile; fileRef = F2FC1E2D23B0911400B58ECE /* ContentTextView.swift */; };
		F2FC1E3023B0922400B58ECE /* MissionViewModel.swift in Sources */ = {isa = PBXBuildFile; fileRef = F2FC1E2F23B0922400B58ECE /* MissionViewModel.swift */; };
		F2FC1E3323B092D500B58ECE /* UIFont+Launches.swift in Sources */ = {isa = PBXBuildFile; fileRef = F2FC1E3223B092D500B58ECE /* UIFont+Launches.swift */; };
		F2FC1E3523B0931A00B58ECE /* LaunchStatus.swift in Sources */ = {isa = PBXBuildFile; fileRef = F2FC1E3423B0931A00B58ECE /* LaunchStatus.swift */; };
		F2FC1E3723B09FF500B58ECE /* UITableViewCell+Identifiers.swift in Sources */ = {isa = PBXBuildFile; fileRef = F2FC1E3623B09FF500B58ECE /* UITableViewCell+Identifiers.swift */; };
		F2FC1E3923B0A05500B58ECE /* NSAttributedString+Set.swift in Sources */ = {isa = PBXBuildFile; fileRef = F2FC1E3823B0A05500B58ECE /* NSAttributedString+Set.swift */; };
/* End PBXBuildFile section */

/* Begin PBXContainerItemProxy section */
		F2326FD823AF1EE500F67875 /* PBXContainerItemProxy */ = {
			isa = PBXContainerItemProxy;
			containerPortal = F214020A23AB5381001BCB6B /* Project object */;
			proxyType = 1;
			remoteGlobalIDString = F2326FCD23AF1EE500F67875;
			remoteInfo = LaunchNetworking;
		};
		F2326FDA23AF1EE500F67875 /* PBXContainerItemProxy */ = {
			isa = PBXContainerItemProxy;
			containerPortal = F214020A23AB5381001BCB6B /* Project object */;
			proxyType = 1;
			remoteGlobalIDString = F214021123AB5381001BCB6B;
			remoteInfo = Launches;
		};
		F2326FE123AF1EE500F67875 /* PBXContainerItemProxy */ = {
			isa = PBXContainerItemProxy;
			containerPortal = F214020A23AB5381001BCB6B /* Project object */;
			proxyType = 1;
			remoteGlobalIDString = F2326FCD23AF1EE500F67875;
			remoteInfo = LaunchNetworking;
		};
		F2326FFD23AF2C1F00F67875 /* PBXContainerItemProxy */ = {
			isa = PBXContainerItemProxy;
			containerPortal = F214020A23AB5381001BCB6B /* Project object */;
			proxyType = 1;
			remoteGlobalIDString = F214021123AB5381001BCB6B;
			remoteInfo = Launches;
		};
		F2503F4023AF4ED800091E5F /* PBXContainerItemProxy */ = {
			isa = PBXContainerItemProxy;
			containerPortal = F214020A23AB5381001BCB6B /* Project object */;
			proxyType = 1;
			remoteGlobalIDString = F214021123AB5381001BCB6B;
			remoteInfo = Launches;
		};
		F2503F4E23AF4F1800091E5F /* PBXContainerItemProxy */ = {
			isa = PBXContainerItemProxy;
			containerPortal = F214020A23AB5381001BCB6B /* Project object */;
			proxyType = 1;
			remoteGlobalIDString = F214021123AB5381001BCB6B;
			remoteInfo = Launches;
		};
/* End PBXContainerItemProxy section */

/* Begin PBXCopyFilesBuildPhase section */
		F2326FE423AF1EE500F67875 /* Embed Frameworks */ = {
			isa = PBXCopyFilesBuildPhase;
			buildActionMask = 2147483647;
			dstPath = "";
			dstSubfolderSpec = 10;
			files = (
				F2326FE523AF1EE500F67875 /* LaunchNetworking.framework in Embed Frameworks */,
			);
			name = "Embed Frameworks";
			runOnlyForDeploymentPostprocessing = 0;
		};
/* End PBXCopyFilesBuildPhase section */

/* Begin PBXFileReference section */
		F214021223AB5381001BCB6B /* Launches.app */ = {isa = PBXFileReference; explicitFileType = wrapper.application; includeInIndex = 0; path = Launches.app; sourceTree = BUILT_PRODUCTS_DIR; };
		F214021523AB5381001BCB6B /* AppDelegate.swift */ = {isa = PBXFileReference; lastKnownFileType = sourcecode.swift; path = AppDelegate.swift; sourceTree = "<group>"; };
		F214021723AB5381001BCB6B /* SceneDelegate.swift */ = {isa = PBXFileReference; lastKnownFileType = sourcecode.swift; path = SceneDelegate.swift; sourceTree = "<group>"; };
		F214021C23AB5381001BCB6B /* Base */ = {isa = PBXFileReference; lastKnownFileType = file.storyboard; name = Base; path = Base.lproj/Main.storyboard; sourceTree = "<group>"; };
		F214021E23AB5382001BCB6B /* Assets.xcassets */ = {isa = PBXFileReference; lastKnownFileType = folder.assetcatalog; path = Assets.xcassets; sourceTree = "<group>"; };
		F214022123AB5382001BCB6B /* Base */ = {isa = PBXFileReference; lastKnownFileType = file.storyboard; name = Base; path = Base.lproj/LaunchScreen.storyboard; sourceTree = "<group>"; };
		F214022323AB5382001BCB6B /* Info.plist */ = {isa = PBXFileReference; lastKnownFileType = text.plist.xml; path = Info.plist; sourceTree = "<group>"; };
		F2326F9023AE72F100F67875 /* NetworkManager.h */ = {isa = PBXFileReference; lastKnownFileType = sourcecode.c.h; path = NetworkManager.h; sourceTree = "<group>"; };
		F2326F9123AE72F100F67875 /* NetworkManager.m */ = {isa = PBXFileReference; lastKnownFileType = sourcecode.c.objc; path = NetworkManager.m; sourceTree = "<group>"; };
		F2326F9323AE91A700F67875 /* URLBuilder.swift */ = {isa = PBXFileReference; fileEncoding = 4; lastKnownFileType = sourcecode.swift; name = URLBuilder.swift; path = LaunchNetworking/URLBuilder.swift; sourceTree = SOURCE_ROOT; };
		F2326F9623AEDEE300F67875 /* URLSessionProtocol.swift */ = {isa = PBXFileReference; lastKnownFileType = sourcecode.swift; path = URLSessionProtocol.swift; sourceTree = "<group>"; };
		F2326F9823AEDF0D00F67875 /* URLSessionDataTaskProtocol.swift */ = {isa = PBXFileReference; lastKnownFileType = sourcecode.swift; path = URLSessionDataTaskProtocol.swift; sourceTree = "<group>"; };
		F2326FCE23AF1EE500F67875 /* LaunchNetworking.framework */ = {isa = PBXFileReference; explicitFileType = wrapper.framework; includeInIndex = 0; path = LaunchNetworking.framework; sourceTree = BUILT_PRODUCTS_DIR; };
		F2326FD123AF1EE500F67875 /* Info.plist */ = {isa = PBXFileReference; lastKnownFileType = text.plist.xml; path = Info.plist; sourceTree = "<group>"; };
		F2326FD623AF1EE500F67875 /* LaunchNetworkingTests.xctest */ = {isa = PBXFileReference; explicitFileType = wrapper.cfbundle; includeInIndex = 0; path = LaunchNetworkingTests.xctest; sourceTree = BUILT_PRODUCTS_DIR; };
		F2326FDF23AF1EE500F67875 /* Info.plist */ = {isa = PBXFileReference; lastKnownFileType = text.plist.xml; path = Info.plist; sourceTree = "<group>"; };
		F2326FF123AF1FCE00F67875 /* LaunchNetworking-Bridging-Header.h */ = {isa = PBXFileReference; lastKnownFileType = sourcecode.c.h; path = "LaunchNetworking-Bridging-Header.h"; sourceTree = "<group>"; };
		F2326FF823AF2C1F00F67875 /* LaunchNetworkingIntegrationTests.xctest */ = {isa = PBXFileReference; explicitFileType = wrapper.cfbundle; includeInIndex = 0; path = LaunchNetworkingIntegrationTests.xctest; sourceTree = BUILT_PRODUCTS_DIR; };
		F2326FFC23AF2C1F00F67875 /* Info.plist */ = {isa = PBXFileReference; lastKnownFileType = text.plist.xml; path = Info.plist; sourceTree = "<group>"; };
		F232700723AF424B00F67875 /* Launch.swift */ = {isa = PBXFileReference; lastKnownFileType = sourcecode.swift; path = Launch.swift; sourceTree = "<group>"; };
		F232700923AF426800F67875 /* LaunchAPI.swift */ = {isa = PBXFileReference; lastKnownFileType = sourcecode.swift; name = LaunchAPI.swift; path = Launches/Model/Models/LaunchAPI.swift; sourceTree = SOURCE_ROOT; };
		F2503F3323AF493900091E5F /* LaunchError.swift */ = {isa = PBXFileReference; lastKnownFileType = sourcecode.swift; name = LaunchError.swift; path = Launches/Model/Models/LaunchError.swift; sourceTree = SOURCE_ROOT; };
		F2503F3523AF4D2100091E5F /* LaunchResponse.swift */ = {isa = PBXFileReference; lastKnownFileType = sourcecode.swift; path = LaunchResponse.swift; sourceTree = "<group>"; };
		F2503F3B23AF4ED800091E5F /* LaunchTests.xctest */ = {isa = PBXFileReference; explicitFileType = wrapper.cfbundle; includeInIndex = 0; path = LaunchTests.xctest; sourceTree = BUILT_PRODUCTS_DIR; };
		F2503F3D23AF4ED800091E5F /* LaunchTests.swift */ = {isa = PBXFileReference; lastKnownFileType = sourcecode.swift; path = LaunchTests.swift; sourceTree = "<group>"; };
		F2503F3F23AF4ED800091E5F /* Info.plist */ = {isa = PBXFileReference; lastKnownFileType = text.plist.xml; path = Info.plist; sourceTree = "<group>"; };
		F2503F4923AF4F1800091E5F /* LaunchIntegrationTests.xctest */ = {isa = PBXFileReference; explicitFileType = wrapper.cfbundle; includeInIndex = 0; path = LaunchIntegrationTests.xctest; sourceTree = BUILT_PRODUCTS_DIR; };
		F2503F4B23AF4F1800091E5F /* LaunchIntegrationTests.swift */ = {isa = PBXFileReference; lastKnownFileType = sourcecode.swift; path = LaunchIntegrationTests.swift; sourceTree = "<group>"; };
		F2503F4D23AF4F1800091E5F /* Info.plist */ = {isa = PBXFileReference; lastKnownFileType = text.plist.xml; path = Info.plist; sourceTree = "<group>"; };
		F2503F5323AF535D00091E5F /* testSerializationError.json */ = {isa = PBXFileReference; fileEncoding = 4; lastKnownFileType = text.json; path = testSerializationError.json; sourceTree = "<group>"; };
		F2503F5423AF535D00091E5F /* testResponse.json */ = {isa = PBXFileReference; fileEncoding = 4; lastKnownFileType = text.json; path = testResponse.json; sourceTree = "<group>"; };
		F2503F5823AF549F00091E5F /* MockURLSession.swift */ = {isa = PBXFileReference; lastKnownFileType = sourcecode.swift; path = MockURLSession.swift; sourceTree = "<group>"; };
		F2503F5D23AF54E200091E5F /* JSONFromFile.swift */ = {isa = PBXFileReference; lastKnownFileType = sourcecode.swift; path = JSONFromFile.swift; sourceTree = "<group>"; };
		F2503F6623AF5A4400091E5F /* DateFormatters.swift */ = {isa = PBXFileReference; lastKnownFileType = sourcecode.swift; path = DateFormatters.swift; sourceTree = "<group>"; };
		F2503F6823AF61B100091E5F /* DateFormatterTests.swift */ = {isa = PBXFileReference; lastKnownFileType = sourcecode.swift; path = DateFormatterTests.swift; sourceTree = "<group>"; };
		F2503F6A23AF722800091E5F /* Agency.swift */ = {isa = PBXFileReference; lastKnownFileType = sourcecode.swift; path = Agency.swift; sourceTree = "<group>"; };
		F2503F6C23AF748D00091E5F /* Location.swift */ = {isa = PBXFileReference; lastKnownFileType = sourcecode.swift; path = Location.swift; sourceTree = "<group>"; };
		F2503F6E23AF757C00091E5F /* Pad.swift */ = {isa = PBXFileReference; lastKnownFileType = sourcecode.swift; path = Pad.swift; sourceTree = "<group>"; };
		F2503F7023AF75FB00091E5F /* Rocket.swift */ = {isa = PBXFileReference; lastKnownFileType = sourcecode.swift; path = Rocket.swift; sourceTree = "<group>"; };
		F2503F7223AF760200091E5F /* Mission.swift */ = {isa = PBXFileReference; lastKnownFileType = sourcecode.swift; path = Mission.swift; sourceTree = "<group>"; };
		F2503F7623AF775400091E5F /* Payload.swift */ = {isa = PBXFileReference; lastKnownFileType = sourcecode.swift; path = Payload.swift; sourceTree = "<group>"; };
		F2503F7C23AFEFC300091E5F /* LaunchesModelController.swift */ = {isa = PBXFileReference; lastKnownFileType = sourcecode.swift; path = LaunchesModelController.swift; sourceTree = "<group>"; };
		F2503F8123AFF93300091E5F /* LaunchTableViewCell.swift */ = {isa = PBXFileReference; lastKnownFileType = sourcecode.swift; path = LaunchTableViewCell.swift; sourceTree = "<group>"; };
		F2503F8323AFF94400091E5F /* CellIdentifiers.swift */ = {isa = PBXFileReference; lastKnownFileType = sourcecode.swift; path = CellIdentifiers.swift; sourceTree = "<group>"; };
		F2503F8523AFF9FC00091E5F /* LaunchViewModel.swift */ = {isa = PBXFileReference; lastKnownFileType = sourcecode.swift; path = LaunchViewModel.swift; sourceTree = "<group>"; };
		F2503F8723B005EF00091E5F /* UIImage+Downloader.swift */ = {isa = PBXFileReference; lastKnownFileType = sourcecode.swift; path = "UIImage+Downloader.swift"; sourceTree = "<group>"; };
		F2503F8B23B0099300091E5F /* LaunchDetailsViewController.swift */ = {isa = PBXFileReference; lastKnownFileType = sourcecode.swift; path = LaunchDetailsViewController.swift; sourceTree = "<group>"; };
		F2A2F83123AB54CF00D9FAA3 /* LaunchListViewController.swift */ = {isa = PBXFileReference; fileEncoding = 4; lastKnownFileType = sourcecode.swift; path = LaunchListViewController.swift; sourceTree = "<group>"; };
		F2A2F83923AB55EB00D9FAA3 /* LaunchIntegrationTests.swift */ = {isa = PBXFileReference; lastKnownFileType = sourcecode.swift; path = LaunchIntegrationTests.swift; sourceTree = "<group>"; };
		F2A2F84123AB563C00D9FAA3 /* LaunchNetworkingError.swift */ = {isa = PBXFileReference; lastKnownFileType = sourcecode.swift; path = LaunchNetworkingError.swift; sourceTree = "<group>"; };
		F2A2F84623AB67FC00D9FAA3 /* LaunchNetworkTests.swift */ = {isa = PBXFileReference; lastKnownFileType = sourcecode.swift; path = LaunchNetworkTests.swift; sourceTree = "<group>"; };
		F2D74CA523B0133600FF706A /* Storyboard.swift */ = {isa = PBXFileReference; lastKnownFileType = sourcecode.swift; path = Storyboard.swift; sourceTree = "<group>"; };
		F2D74CA723B02E4F00FF706A /* LaunchModelController.swift */ = {isa = PBXFileReference; lastKnownFileType = sourcecode.swift; path = LaunchModelController.swift; sourceTree = "<group>"; };
		F2D74CAB23B0333400FF706A /* MissionsViewController.swift */ = {isa = PBXFileReference; lastKnownFileType = sourcecode.swift; path = MissionsViewController.swift; sourceTree = "<group>"; };
		F2D74CAD23B036A500FF706A /* MissionsViewModel.swift */ = {isa = PBXFileReference; lastKnownFileType = sourcecode.swift; path = MissionsViewModel.swift; sourceTree = "<group>"; };
		F2D74CAF23B0386D00FF706A /* MissionTableViewCell.swift */ = {isa = PBXFileReference; lastKnownFileType = sourcecode.swift; path = MissionTableViewCell.swift; sourceTree = "<group>"; };
		F2FC1E2223B0738600B58ECE /* MissionTableView.swift */ = {isa = PBXFileReference; lastKnownFileType = sourcecode.swift; path = MissionTableView.swift; sourceTree = "<group>"; };
		F2FC1E2423B074DD00B58ECE /* MissionContainerView.swift */ = {isa = PBXFileReference; lastKnownFileType = sourcecode.swift; path = MissionContainerView.swift; sourceTree = "<group>"; };
		F2FC1E2623B07D2400B58ECE /* AgencyViewModel.swift */ = {isa = PBXFileReference; lastKnownFileType = sourcecode.swift; path = AgencyViewModel.swift; sourceTree = "<group>"; };
		F2FC1E2823B0885200B58ECE /* LocationViewModel.swift */ = {isa = PBXFileReference; lastKnownFileType = sourcecode.swift; path = LocationViewModel.swift; sourceTree = "<group>"; };
		F2FC1E2A23B08DE100B58ECE /* RocketViewModel.swift */ = {isa = PBXFileReference; lastKnownFileType = sourcecode.swift; path = RocketViewModel.swift; sourceTree = "<group>"; };
		F2FC1E2D23B0911400B58ECE /* ContentTextView.swift */ = {isa = PBXFileReference; lastKnownFileType = sourcecode.swift; path = ContentTextView.swift; sourceTree = "<group>"; };
		F2FC1E2F23B0922400B58ECE /* MissionViewModel.swift */ = {isa = PBXFileReference; lastKnownFileType = sourcecode.swift; path = MissionViewModel.swift; sourceTree = "<group>"; };
		F2FC1E3223B092D500B58ECE /* UIFont+Launches.swift */ = {isa = PBXFileReference; lastKnownFileType = sourcecode.swift; path = "UIFont+Launches.swift"; sourceTree = "<group>"; };
		F2FC1E3423B0931A00B58ECE /* LaunchStatus.swift */ = {isa = PBXFileReference; lastKnownFileType = sourcecode.swift; path = LaunchStatus.swift; sourceTree = "<group>"; };
		F2FC1E3623B09FF500B58ECE /* UITableViewCell+Identifiers.swift */ = {isa = PBXFileReference; lastKnownFileType = sourcecode.swift; path = "UITableViewCell+Identifiers.swift"; sourceTree = "<group>"; };
		F2FC1E3823B0A05500B58ECE /* NSAttributedString+Set.swift */ = {isa = PBXFileReference; lastKnownFileType = sourcecode.swift; path = "NSAttributedString+Set.swift"; sourceTree = "<group>"; };
/* End PBXFileReference section */

/* Begin PBXFrameworksBuildPhase section */
		F214020F23AB5381001BCB6B /* Frameworks */ = {
			isa = PBXFrameworksBuildPhase;
			buildActionMask = 2147483647;
			files = (
				F2326FE323AF1EE500F67875 /* LaunchNetworking.framework in Frameworks */,
			);
			runOnlyForDeploymentPostprocessing = 0;
		};
		F2326FCB23AF1EE500F67875 /* Frameworks */ = {
			isa = PBXFrameworksBuildPhase;
			buildActionMask = 2147483647;
			files = (
			);
			runOnlyForDeploymentPostprocessing = 0;
		};
		F2326FD323AF1EE500F67875 /* Frameworks */ = {
			isa = PBXFrameworksBuildPhase;
			buildActionMask = 2147483647;
			files = (
				F2326FD723AF1EE500F67875 /* LaunchNetworking.framework in Frameworks */,
			);
			runOnlyForDeploymentPostprocessing = 0;
		};
		F2326FF523AF2C1F00F67875 /* Frameworks */ = {
			isa = PBXFrameworksBuildPhase;
			buildActionMask = 2147483647;
			files = (
			);
			runOnlyForDeploymentPostprocessing = 0;
		};
		F2503F3823AF4ED800091E5F /* Frameworks */ = {
			isa = PBXFrameworksBuildPhase;
			buildActionMask = 2147483647;
			files = (
			);
			runOnlyForDeploymentPostprocessing = 0;
		};
		F2503F4623AF4F1800091E5F /* Frameworks */ = {
			isa = PBXFrameworksBuildPhase;
			buildActionMask = 2147483647;
			files = (
			);
			runOnlyForDeploymentPostprocessing = 0;
		};
/* End PBXFrameworksBuildPhase section */

/* Begin PBXGroup section */
		F214020923AB5381001BCB6B = {
			isa = PBXGroup;
			children = (
				F214021423AB5381001BCB6B /* Launches */,
				F2326FCF23AF1EE500F67875 /* LaunchNetworking */,
				F2326FDC23AF1EE500F67875 /* LaunchNetworkingTests */,
				F2326FF923AF2C1F00F67875 /* LaunchNetworkingIntegrationTests */,
				F2503F3C23AF4ED800091E5F /* LaunchTests */,
				F2503F4A23AF4F1800091E5F /* LaunchIntegrationTests */,
				F2503F5723AF548400091E5F /* TestsShared */,
				F214021323AB5381001BCB6B /* Products */,
			);
			sourceTree = "<group>";
		};
		F214021323AB5381001BCB6B /* Products */ = {
			isa = PBXGroup;
			children = (
				F214021223AB5381001BCB6B /* Launches.app */,
				F2326FCE23AF1EE500F67875 /* LaunchNetworking.framework */,
				F2326FD623AF1EE500F67875 /* LaunchNetworkingTests.xctest */,
				F2326FF823AF2C1F00F67875 /* LaunchNetworkingIntegrationTests.xctest */,
				F2503F3B23AF4ED800091E5F /* LaunchTests.xctest */,
				F2503F4923AF4F1800091E5F /* LaunchIntegrationTests.xctest */,
			);
			name = Products;
			sourceTree = "<group>";
		};
		F214021423AB5381001BCB6B /* Launches */ = {
			isa = PBXGroup;
			children = (
				F2FC1E3123B092AE00B58ECE /* Utilities */,
				F2503F7F23AFF91000091E5F /* Views */,
				F2503F7E23AFF8EF00091E5F /* ViewControllers */,
				F2503F6523AF5A3800091E5F /* Services */,
				F2503F7823AFE9CA00091E5F /* ViewModels */,
				F232700523AF423500F67875 /* Model */,
				F2A2F84323AB614900D9FAA3 /* Networking */,
				F214021523AB5381001BCB6B /* AppDelegate.swift */,
				F214021723AB5381001BCB6B /* SceneDelegate.swift */,
				F214021B23AB5381001BCB6B /* Main.storyboard */,
				F214021E23AB5382001BCB6B /* Assets.xcassets */,
				F214022023AB5382001BCB6B /* LaunchScreen.storyboard */,
				F214022323AB5382001BCB6B /* Info.plist */,
			);
			path = Launches;
			sourceTree = "<group>";
		};
		F2326FCF23AF1EE500F67875 /* LaunchNetworking */ = {
			isa = PBXGroup;
			children = (
				F2326F9323AE91A700F67875 /* URLBuilder.swift */,
				F2A2F84123AB563C00D9FAA3 /* LaunchNetworkingError.swift */,
				F2326F9023AE72F100F67875 /* NetworkManager.h */,
				F2326F9123AE72F100F67875 /* NetworkManager.m */,
				F2326F9623AEDEE300F67875 /* URLSessionProtocol.swift */,
				F2326F9823AEDF0D00F67875 /* URLSessionDataTaskProtocol.swift */,
				F2326FD123AF1EE500F67875 /* Info.plist */,
				F2326FF123AF1FCE00F67875 /* LaunchNetworking-Bridging-Header.h */,
			);
			path = LaunchNetworking;
			sourceTree = "<group>";
		};
		F2326FDC23AF1EE500F67875 /* LaunchNetworkingTests */ = {
			isa = PBXGroup;
			children = (
				F2A2F84623AB67FC00D9FAA3 /* LaunchNetworkTests.swift */,
				F2326FDF23AF1EE500F67875 /* Info.plist */,
			);
			path = LaunchNetworkingTests;
			sourceTree = "<group>";
		};
		F2326FF923AF2C1F00F67875 /* LaunchNetworkingIntegrationTests */ = {
			isa = PBXGroup;
			children = (
				F2A2F83923AB55EB00D9FAA3 /* LaunchIntegrationTests.swift */,
				F2326FFC23AF2C1F00F67875 /* Info.plist */,
			);
			path = LaunchNetworkingIntegrationTests;
			sourceTree = "<group>";
		};
		F232700523AF423500F67875 /* Model */ = {
			isa = PBXGroup;
			children = (
				F2503F7B23AFEDC600091E5F /* ModelControllers */,
				F232700623AF424200F67875 /* Models */,
			);
			path = Model;
			sourceTree = "<group>";
		};
		F232700623AF424200F67875 /* Models */ = {
			isa = PBXGroup;
			children = (
				F2FC1E3423B0931A00B58ECE /* LaunchStatus.swift */,
				F232700723AF424B00F67875 /* Launch.swift */,
				F2503F3523AF4D2100091E5F /* LaunchResponse.swift */,
				F2503F6A23AF722800091E5F /* Agency.swift */,
				F2503F6C23AF748D00091E5F /* Location.swift */,
				F2503F6E23AF757C00091E5F /* Pad.swift */,
				F2503F7023AF75FB00091E5F /* Rocket.swift */,
				F2503F7223AF760200091E5F /* Mission.swift */,
				F2503F7623AF775400091E5F /* Payload.swift */,
			);
			path = Models;
			sourceTree = "<group>";
		};
		F2503F3C23AF4ED800091E5F /* LaunchTests */ = {
			isa = PBXGroup;
			children = (
				F2503F3D23AF4ED800091E5F /* LaunchTests.swift */,
				F2503F3F23AF4ED800091E5F /* Info.plist */,
				F2503F6823AF61B100091E5F /* DateFormatterTests.swift */,
			);
			path = LaunchTests;
			sourceTree = "<group>";
		};
		F2503F4A23AF4F1800091E5F /* LaunchIntegrationTests */ = {
			isa = PBXGroup;
			children = (
				F2503F4B23AF4F1800091E5F /* LaunchIntegrationTests.swift */,
				F2503F4D23AF4F1800091E5F /* Info.plist */,
			);
			path = LaunchIntegrationTests;
			sourceTree = "<group>";
		};
		F2503F5723AF548400091E5F /* TestsShared */ = {
			isa = PBXGroup;
			children = (
				F2503F5823AF549F00091E5F /* MockURLSession.swift */,
				F2503F5D23AF54E200091E5F /* JSONFromFile.swift */,
				F2503F5423AF535D00091E5F /* testResponse.json */,
				F2503F5323AF535D00091E5F /* testSerializationError.json */,
			);
			path = TestsShared;
			sourceTree = "<group>";
		};
		F2503F6523AF5A3800091E5F /* Services */ = {
			isa = PBXGroup;
			children = (
				F2503F6623AF5A4400091E5F /* DateFormatters.swift */,
				F2503F8723B005EF00091E5F /* UIImage+Downloader.swift */,
			);
			path = Services;
			sourceTree = "<group>";
		};
		F2503F7823AFE9CA00091E5F /* ViewModels */ = {
			isa = PBXGroup;
			children = (
				F2503F8523AFF9FC00091E5F /* LaunchViewModel.swift */,
				F2FC1E2F23B0922400B58ECE /* MissionViewModel.swift */,
				F2D74CAD23B036A500FF706A /* MissionsViewModel.swift */,
				F2FC1E2623B07D2400B58ECE /* AgencyViewModel.swift */,
				F2FC1E2823B0885200B58ECE /* LocationViewModel.swift */,
				F2FC1E2A23B08DE100B58ECE /* RocketViewModel.swift */,
			);
			path = ViewModels;
			sourceTree = "<group>";
		};
		F2503F7B23AFEDC600091E5F /* ModelControllers */ = {
			isa = PBXGroup;
			children = (
				F2503F7C23AFEFC300091E5F /* LaunchesModelController.swift */,
				F2D74CA723B02E4F00FF706A /* LaunchModelController.swift */,
			);
			path = ModelControllers;
			sourceTree = "<group>";
		};
		F2503F7E23AFF8EF00091E5F /* ViewControllers */ = {
			isa = PBXGroup;
			children = (
				F2A2F83123AB54CF00D9FAA3 /* LaunchListViewController.swift */,
				F2503F8B23B0099300091E5F /* LaunchDetailsViewController.swift */,
				F2D74CAB23B0333400FF706A /* MissionsViewController.swift */,
				F2D74CA523B0133600FF706A /* Storyboard.swift */,
			);
			path = ViewControllers;
			sourceTree = "<group>";
		};
		F2503F7F23AFF91000091E5F /* Views */ = {
			isa = PBXGroup;
			children = (
				F2FC1E2C23B0910700B58ECE /* Views */,
				F2503F8023AFF91C00091E5F /* TableViewCells */,
			);
			path = Views;
			sourceTree = "<group>";
		};
		F2503F8023AFF91C00091E5F /* TableViewCells */ = {
			isa = PBXGroup;
			children = (
				F2503F8123AFF93300091E5F /* LaunchTableViewCell.swift */,
				F2503F8323AFF94400091E5F /* CellIdentifiers.swift */,
				F2D74CAF23B0386D00FF706A /* MissionTableViewCell.swift */,
			);
			path = TableViewCells;
			sourceTree = "<group>";
		};
		F2A2F84323AB614900D9FAA3 /* Networking */ = {
			isa = PBXGroup;
			children = (
				F232700923AF426800F67875 /* LaunchAPI.swift */,
				F2503F3323AF493900091E5F /* LaunchError.swift */,
			);
			path = Networking;
			sourceTree = "<group>";
		};
		F2FC1E2C23B0910700B58ECE /* Views */ = {
			isa = PBXGroup;
			children = (
				F2FC1E2D23B0911400B58ECE /* ContentTextView.swift */,
				F2FC1E2223B0738600B58ECE /* MissionTableView.swift */,
				F2FC1E2423B074DD00B58ECE /* MissionContainerView.swift */,
			);
			path = Views;
			sourceTree = "<group>";
		};
		F2FC1E3123B092AE00B58ECE /* Utilities */ = {
			isa = PBXGroup;
			children = (
				F2FC1E3223B092D500B58ECE /* UIFont+Launches.swift */,
				F2FC1E3623B09FF500B58ECE /* UITableViewCell+Identifiers.swift */,
				F2FC1E3823B0A05500B58ECE /* NSAttributedString+Set.swift */,
			);
			path = Utilities;
			sourceTree = "<group>";
		};
/* End PBXGroup section */

/* Begin PBXHeadersBuildPhase section */
		F2326FC923AF1EE500F67875 /* Headers */ = {
			isa = PBXHeadersBuildPhase;
			buildActionMask = 2147483647;
			files = (
				F2326FF223AF1FCE00F67875 /* LaunchNetworking-Bridging-Header.h in Headers */,
			);
			runOnlyForDeploymentPostprocessing = 0;
		};
/* End PBXHeadersBuildPhase section */

/* Begin PBXNativeTarget section */
		F214021123AB5381001BCB6B /* Launches */ = {
			isa = PBXNativeTarget;
			buildConfigurationList = F214023C23AB5382001BCB6B /* Build configuration list for PBXNativeTarget "Launches" */;
			buildPhases = (
				F214020E23AB5381001BCB6B /* Sources */,
				F214020F23AB5381001BCB6B /* Frameworks */,
				F214021023AB5381001BCB6B /* Resources */,
				F2326FE423AF1EE500F67875 /* Embed Frameworks */,
			);
			buildRules = (
			);
			dependencies = (
				F2326FE223AF1EE500F67875 /* PBXTargetDependency */,
			);
			name = Launches;
			productName = Launches;
			productReference = F214021223AB5381001BCB6B /* Launches.app */;
			productType = "com.apple.product-type.application";
		};
		F2326FCD23AF1EE500F67875 /* LaunchNetworking */ = {
			isa = PBXNativeTarget;
			buildConfigurationList = F2326FEA23AF1EE500F67875 /* Build configuration list for PBXNativeTarget "LaunchNetworking" */;
			buildPhases = (
				F2326FC923AF1EE500F67875 /* Headers */,
				F2326FCA23AF1EE500F67875 /* Sources */,
				F2326FCB23AF1EE500F67875 /* Frameworks */,
				F2326FCC23AF1EE500F67875 /* Resources */,
			);
			buildRules = (
			);
			dependencies = (
			);
			name = LaunchNetworking;
			productName = LaunchNetworking;
			productReference = F2326FCE23AF1EE500F67875 /* LaunchNetworking.framework */;
			productType = "com.apple.product-type.framework";
		};
		F2326FD523AF1EE500F67875 /* LaunchNetworkingTests */ = {
			isa = PBXNativeTarget;
			buildConfigurationList = F2326FEB23AF1EE500F67875 /* Build configuration list for PBXNativeTarget "LaunchNetworkingTests" */;
			buildPhases = (
				F2326FD223AF1EE500F67875 /* Sources */,
				F2326FD323AF1EE500F67875 /* Frameworks */,
				F2326FD423AF1EE500F67875 /* Resources */,
			);
			buildRules = (
			);
			dependencies = (
				F2326FD923AF1EE500F67875 /* PBXTargetDependency */,
				F2326FDB23AF1EE500F67875 /* PBXTargetDependency */,
			);
			name = LaunchNetworkingTests;
			productName = LaunchNetworkingTests;
			productReference = F2326FD623AF1EE500F67875 /* LaunchNetworkingTests.xctest */;
			productType = "com.apple.product-type.bundle.unit-test";
		};
		F2326FF723AF2C1F00F67875 /* LaunchNetworkingIntegrationTests */ = {
			isa = PBXNativeTarget;
			buildConfigurationList = F2326FFF23AF2C1F00F67875 /* Build configuration list for PBXNativeTarget "LaunchNetworkingIntegrationTests" */;
			buildPhases = (
				F2326FF423AF2C1F00F67875 /* Sources */,
				F2326FF523AF2C1F00F67875 /* Frameworks */,
				F2326FF623AF2C1F00F67875 /* Resources */,
			);
			buildRules = (
			);
			dependencies = (
				F2326FFE23AF2C1F00F67875 /* PBXTargetDependency */,
			);
			name = LaunchNetworkingIntegrationTests;
			productName = LaunchNetworkingIntegrationTests;
			productReference = F2326FF823AF2C1F00F67875 /* LaunchNetworkingIntegrationTests.xctest */;
			productType = "com.apple.product-type.bundle.unit-test";
		};
		F2503F3A23AF4ED800091E5F /* LaunchTests */ = {
			isa = PBXNativeTarget;
			buildConfigurationList = F2503F4223AF4ED800091E5F /* Build configuration list for PBXNativeTarget "LaunchTests" */;
			buildPhases = (
				F2503F3723AF4ED800091E5F /* Sources */,
				F2503F3823AF4ED800091E5F /* Frameworks */,
				F2503F3923AF4ED800091E5F /* Resources */,
			);
			buildRules = (
			);
			dependencies = (
				F2503F4123AF4ED800091E5F /* PBXTargetDependency */,
			);
			name = LaunchTests;
			productName = LaunchTests;
			productReference = F2503F3B23AF4ED800091E5F /* LaunchTests.xctest */;
			productType = "com.apple.product-type.bundle.unit-test";
		};
		F2503F4823AF4F1800091E5F /* LaunchIntegrationTests */ = {
			isa = PBXNativeTarget;
			buildConfigurationList = F2503F5023AF4F1800091E5F /* Build configuration list for PBXNativeTarget "LaunchIntegrationTests" */;
			buildPhases = (
				F2503F4523AF4F1800091E5F /* Sources */,
				F2503F4623AF4F1800091E5F /* Frameworks */,
				F2503F4723AF4F1800091E5F /* Resources */,
			);
			buildRules = (
			);
			dependencies = (
				F2503F4F23AF4F1800091E5F /* PBXTargetDependency */,
			);
			name = LaunchIntegrationTests;
			productName = LaunchIntegrationTests;
			productReference = F2503F4923AF4F1800091E5F /* LaunchIntegrationTests.xctest */;
			productType = "com.apple.product-type.bundle.unit-test";
		};
/* End PBXNativeTarget section */

/* Begin PBXProject section */
		F214020A23AB5381001BCB6B /* Project object */ = {
			isa = PBXProject;
			attributes = {
				LastSwiftUpdateCheck = 1130;
				LastUpgradeCheck = 1130;
				ORGANIZATIONNAME = "Andrew Boissonnault";
				TargetAttributes = {
					F214021123AB5381001BCB6B = {
						CreatedOnToolsVersion = 11.3;
						LastSwiftMigration = 1130;
					};
					F2326FCD23AF1EE500F67875 = {
						CreatedOnToolsVersion = 11.3;
					};
					F2326FD523AF1EE500F67875 = {
						CreatedOnToolsVersion = 11.3;
						TestTargetID = F214021123AB5381001BCB6B;
					};
					F2326FF723AF2C1F00F67875 = {
						CreatedOnToolsVersion = 11.3;
						TestTargetID = F214021123AB5381001BCB6B;
					};
					F2503F3A23AF4ED800091E5F = {
						CreatedOnToolsVersion = 11.3;
						TestTargetID = F214021123AB5381001BCB6B;
					};
					F2503F4823AF4F1800091E5F = {
						CreatedOnToolsVersion = 11.3;
						TestTargetID = F214021123AB5381001BCB6B;
					};
				};
			};
			buildConfigurationList = F214020D23AB5381001BCB6B /* Build configuration list for PBXProject "Launches" */;
			compatibilityVersion = "Xcode 9.3";
			developmentRegion = en;
			hasScannedForEncodings = 0;
			knownRegions = (
				en,
				Base,
			);
			mainGroup = F214020923AB5381001BCB6B;
			productRefGroup = F214021323AB5381001BCB6B /* Products */;
			projectDirPath = "";
			projectRoot = "";
			targets = (
				F214021123AB5381001BCB6B /* Launches */,
				F2503F3A23AF4ED800091E5F /* LaunchTests */,
				F2326FCD23AF1EE500F67875 /* LaunchNetworking */,
				F2326FD523AF1EE500F67875 /* LaunchNetworkingTests */,
				F2326FF723AF2C1F00F67875 /* LaunchNetworkingIntegrationTests */,
				F2503F4823AF4F1800091E5F /* LaunchIntegrationTests */,
			);
		};
/* End PBXProject section */

/* Begin PBXResourcesBuildPhase section */
		F214021023AB5381001BCB6B /* Resources */ = {
			isa = PBXResourcesBuildPhase;
			buildActionMask = 2147483647;
			files = (
				F214022223AB5382001BCB6B /* LaunchScreen.storyboard in Resources */,
				F214021F23AB5382001BCB6B /* Assets.xcassets in Resources */,
				F214021D23AB5381001BCB6B /* Main.storyboard in Resources */,
			);
			runOnlyForDeploymentPostprocessing = 0;
		};
		F2326FCC23AF1EE500F67875 /* Resources */ = {
			isa = PBXResourcesBuildPhase;
			buildActionMask = 2147483647;
			files = (
			);
			runOnlyForDeploymentPostprocessing = 0;
		};
		F2326FD423AF1EE500F67875 /* Resources */ = {
			isa = PBXResourcesBuildPhase;
			buildActionMask = 2147483647;
			files = (
				F2503F6223AF553000091E5F /* testResponse.json in Resources */,
			);
			runOnlyForDeploymentPostprocessing = 0;
		};
		F2326FF623AF2C1F00F67875 /* Resources */ = {
			isa = PBXResourcesBuildPhase;
			buildActionMask = 2147483647;
			files = (
				F2503F6323AF553100091E5F /* testResponse.json in Resources */,
			);
			runOnlyForDeploymentPostprocessing = 0;
		};
		F2503F3923AF4ED800091E5F /* Resources */ = {
			isa = PBXResourcesBuildPhase;
			buildActionMask = 2147483647;
			files = (
				F2503F5623AF535D00091E5F /* testResponse.json in Resources */,
				F2503F5523AF535D00091E5F /* testSerializationError.json in Resources */,
			);
			runOnlyForDeploymentPostprocessing = 0;
		};
		F2503F4723AF4F1800091E5F /* Resources */ = {
			isa = PBXResourcesBuildPhase;
			buildActionMask = 2147483647;
			files = (
				F2503F6423AF553100091E5F /* testResponse.json in Resources */,
			);
			runOnlyForDeploymentPostprocessing = 0;
		};
/* End PBXResourcesBuildPhase section */

/* Begin PBXSourcesBuildPhase section */
		F214020E23AB5381001BCB6B /* Sources */ = {
			isa = PBXSourcesBuildPhase;
			buildActionMask = 2147483647;
			files = (
				F2FC1E3523B0931A00B58ECE /* LaunchStatus.swift in Sources */,
				F2D74CA623B0133600FF706A /* Storyboard.swift in Sources */,
				F2503F8C23B0099300091E5F /* LaunchDetailsViewController.swift in Sources */,
				F2FC1E3323B092D500B58ECE /* UIFont+Launches.swift in Sources */,
				F214021623AB5381001BCB6B /* AppDelegate.swift in Sources */,
				F2503F7123AF75FB00091E5F /* Rocket.swift in Sources */,
				F2FC1E2B23B08DE100B58ECE /* RocketViewModel.swift in Sources */,
				F2503F6D23AF748D00091E5F /* Location.swift in Sources */,
				F2503F7723AF775400091E5F /* Payload.swift in Sources */,
				F2FC1E2323B0738600B58ECE /* MissionTableView.swift in Sources */,
				F2503F6723AF5A4400091E5F /* DateFormatters.swift in Sources */,
				F2503F3623AF4D2100091E5F /* LaunchResponse.swift in Sources */,
				F2FC1E2923B0885200B58ECE /* LocationViewModel.swift in Sources */,
				F2503F6B23AF722800091E5F /* Agency.swift in Sources */,
				F2503F8623AFF9FC00091E5F /* LaunchViewModel.swift in Sources */,
				F2D74CB023B0386D00FF706A /* MissionTableViewCell.swift in Sources */,
				F2503F8423AFF94400091E5F /* CellIdentifiers.swift in Sources */,
				F2D74CAC23B0333400FF706A /* MissionsViewController.swift in Sources */,
				F2FC1E3723B09FF500B58ECE /* UITableViewCell+Identifiers.swift in Sources */,
				F2503F3423AF493900091E5F /* LaunchError.swift in Sources */,
				F232700A23AF426800F67875 /* LaunchAPI.swift in Sources */,
				F214021823AB5381001BCB6B /* SceneDelegate.swift in Sources */,
				F2FC1E3923B0A05500B58ECE /* NSAttributedString+Set.swift in Sources */,
				F2503F6F23AF757C00091E5F /* Pad.swift in Sources */,
				F2FC1E3023B0922400B58ECE /* MissionViewModel.swift in Sources */,
				F232700823AF424B00F67875 /* Launch.swift in Sources */,
				F2FC1E2523B074DD00B58ECE /* MissionContainerView.swift in Sources */,
				F2FC1E2E23B0911400B58ECE /* ContentTextView.swift in Sources */,
				F2503F7D23AFEFC300091E5F /* LaunchesModelController.swift in Sources */,
				F2D74CA823B02E4F00FF706A /* LaunchModelController.swift in Sources */,
				F2503F8823B005EF00091E5F /* UIImage+Downloader.swift in Sources */,
				F2FC1E2723B07D2400B58ECE /* AgencyViewModel.swift in Sources */,
				F2503F7323AF760200091E5F /* Mission.swift in Sources */,
				F2503F8223AFF93300091E5F /* LaunchTableViewCell.swift in Sources */,
				F2A2F83223AB54CF00D9FAA3 /* LaunchListViewController.swift in Sources */,
				F2D74CAE23B036A500FF706A /* MissionsViewModel.swift in Sources */,
			);
			runOnlyForDeploymentPostprocessing = 0;
		};
		F2326FCA23AF1EE500F67875 /* Sources */ = {
			isa = PBXSourcesBuildPhase;
			buildActionMask = 2147483647;
			files = (
				F2326FEF23AF1EF100F67875 /* NetworkManager.m in Sources */,
				F2326FEE23AF1EF100F67875 /* LaunchNetworkingError.swift in Sources */,
				F2326FEC23AF1EF100F67875 /* URLSessionProtocol.swift in Sources */,
				F2326FED23AF1EF100F67875 /* URLBuilder.swift in Sources */,
				F2326FF023AF1EF100F67875 /* URLSessionDataTaskProtocol.swift in Sources */,
			);
			runOnlyForDeploymentPostprocessing = 0;
		};
		F2326FD223AF1EE500F67875 /* Sources */ = {
			isa = PBXSourcesBuildPhase;
			buildActionMask = 2147483647;
			files = (
				F2503F5F23AF54ED00091E5F /* JSONFromFile.swift in Sources */,
				F2503F5A23AF54BC00091E5F /* MockURLSession.swift in Sources */,
				F2326FF323AF2B3800F67875 /* LaunchNetworkTests.swift in Sources */,
			);
			runOnlyForDeploymentPostprocessing = 0;
		};
		F2326FF423AF2C1F00F67875 /* Sources */ = {
			isa = PBXSourcesBuildPhase;
			buildActionMask = 2147483647;
			files = (
				F2503F6023AF54ED00091E5F /* JSONFromFile.swift in Sources */,
				F2503F5B23AF54BD00091E5F /* MockURLSession.swift in Sources */,
				F232700223AF2C2900F67875 /* LaunchIntegrationTests.swift in Sources */,
			);
			runOnlyForDeploymentPostprocessing = 0;
		};
		F2503F3723AF4ED800091E5F /* Sources */ = {
			isa = PBXSourcesBuildPhase;
			buildActionMask = 2147483647;
			files = (
				F2503F6923AF61B100091E5F /* DateFormatterTests.swift in Sources */,
				F2503F5E23AF54E200091E5F /* JSONFromFile.swift in Sources */,
				F2503F5923AF549F00091E5F /* MockURLSession.swift in Sources */,
				F2503F3E23AF4ED800091E5F /* LaunchTests.swift in Sources */,
			);
			runOnlyForDeploymentPostprocessing = 0;
		};
		F2503F4523AF4F1800091E5F /* Sources */ = {
			isa = PBXSourcesBuildPhase;
			buildActionMask = 2147483647;
			files = (
				F2503F6123AF54ED00091E5F /* JSONFromFile.swift in Sources */,
				F2503F5C23AF54BD00091E5F /* MockURLSession.swift in Sources */,
				F2503F4C23AF4F1800091E5F /* LaunchIntegrationTests.swift in Sources */,
			);
			runOnlyForDeploymentPostprocessing = 0;
		};
/* End PBXSourcesBuildPhase section */

/* Begin PBXTargetDependency section */
		F2326FD923AF1EE500F67875 /* PBXTargetDependency */ = {
			isa = PBXTargetDependency;
			target = F2326FCD23AF1EE500F67875 /* LaunchNetworking */;
			targetProxy = F2326FD823AF1EE500F67875 /* PBXContainerItemProxy */;
		};
		F2326FDB23AF1EE500F67875 /* PBXTargetDependency */ = {
			isa = PBXTargetDependency;
			target = F214021123AB5381001BCB6B /* Launches */;
			targetProxy = F2326FDA23AF1EE500F67875 /* PBXContainerItemProxy */;
		};
		F2326FE223AF1EE500F67875 /* PBXTargetDependency */ = {
			isa = PBXTargetDependency;
			target = F2326FCD23AF1EE500F67875 /* LaunchNetworking */;
			targetProxy = F2326FE123AF1EE500F67875 /* PBXContainerItemProxy */;
		};
		F2326FFE23AF2C1F00F67875 /* PBXTargetDependency */ = {
			isa = PBXTargetDependency;
			target = F214021123AB5381001BCB6B /* Launches */;
			targetProxy = F2326FFD23AF2C1F00F67875 /* PBXContainerItemProxy */;
		};
		F2503F4123AF4ED800091E5F /* PBXTargetDependency */ = {
			isa = PBXTargetDependency;
			target = F214021123AB5381001BCB6B /* Launches */;
			targetProxy = F2503F4023AF4ED800091E5F /* PBXContainerItemProxy */;
		};
		F2503F4F23AF4F1800091E5F /* PBXTargetDependency */ = {
			isa = PBXTargetDependency;
			target = F214021123AB5381001BCB6B /* Launches */;
			targetProxy = F2503F4E23AF4F1800091E5F /* PBXContainerItemProxy */;
		};
/* End PBXTargetDependency section */

/* Begin PBXVariantGroup section */
		F214021B23AB5381001BCB6B /* Main.storyboard */ = {
			isa = PBXVariantGroup;
			children = (
				F214021C23AB5381001BCB6B /* Base */,
			);
			name = Main.storyboard;
			sourceTree = "<group>";
		};
		F214022023AB5382001BCB6B /* LaunchScreen.storyboard */ = {
			isa = PBXVariantGroup;
			children = (
				F214022123AB5382001BCB6B /* Base */,
			);
			name = LaunchScreen.storyboard;
			sourceTree = "<group>";
		};
/* End PBXVariantGroup section */

/* Begin XCBuildConfiguration section */
		F214023A23AB5382001BCB6B /* Debug */ = {
			isa = XCBuildConfiguration;
			buildSettings = {
				ALWAYS_SEARCH_USER_PATHS = NO;
				CLANG_ANALYZER_NONNULL = YES;
				CLANG_ANALYZER_NUMBER_OBJECT_CONVERSION = YES_AGGRESSIVE;
				CLANG_CXX_LANGUAGE_STANDARD = "gnu++14";
				CLANG_CXX_LIBRARY = "libc++";
				CLANG_ENABLE_MODULES = YES;
				CLANG_ENABLE_OBJC_ARC = YES;
				CLANG_ENABLE_OBJC_WEAK = YES;
				CLANG_WARN_BLOCK_CAPTURE_AUTORELEASING = YES;
				CLANG_WARN_BOOL_CONVERSION = YES;
				CLANG_WARN_COMMA = YES;
				CLANG_WARN_CONSTANT_CONVERSION = YES;
				CLANG_WARN_DEPRECATED_OBJC_IMPLEMENTATIONS = YES;
				CLANG_WARN_DIRECT_OBJC_ISA_USAGE = YES_ERROR;
				CLANG_WARN_DOCUMENTATION_COMMENTS = YES;
				CLANG_WARN_EMPTY_BODY = YES;
				CLANG_WARN_ENUM_CONVERSION = YES;
				CLANG_WARN_INFINITE_RECURSION = YES;
				CLANG_WARN_INT_CONVERSION = YES;
				CLANG_WARN_NON_LITERAL_NULL_CONVERSION = YES;
				CLANG_WARN_OBJC_IMPLICIT_RETAIN_SELF = YES;
				CLANG_WARN_OBJC_LITERAL_CONVERSION = YES;
				CLANG_WARN_OBJC_ROOT_CLASS = YES_ERROR;
				CLANG_WARN_RANGE_LOOP_ANALYSIS = YES;
				CLANG_WARN_STRICT_PROTOTYPES = YES;
				CLANG_WARN_SUSPICIOUS_MOVE = YES;
				CLANG_WARN_UNGUARDED_AVAILABILITY = YES_AGGRESSIVE;
				CLANG_WARN_UNREACHABLE_CODE = YES;
				CLANG_WARN__DUPLICATE_METHOD_MATCH = YES;
				COPY_PHASE_STRIP = NO;
				DEBUG_INFORMATION_FORMAT = dwarf;
				DEFINES_MODULE = YES;
				ENABLE_STRICT_OBJC_MSGSEND = YES;
				ENABLE_TESTABILITY = YES;
				GCC_C_LANGUAGE_STANDARD = gnu11;
				GCC_DYNAMIC_NO_PIC = NO;
				GCC_NO_COMMON_BLOCKS = YES;
				GCC_OPTIMIZATION_LEVEL = 0;
				GCC_PREPROCESSOR_DEFINITIONS = (
					"DEBUG=1",
					"$(inherited)",
				);
				GCC_WARN_64_TO_32_BIT_CONVERSION = YES;
				GCC_WARN_ABOUT_RETURN_TYPE = YES_ERROR;
				GCC_WARN_UNDECLARED_SELECTOR = YES;
				GCC_WARN_UNINITIALIZED_AUTOS = YES_AGGRESSIVE;
				GCC_WARN_UNUSED_FUNCTION = YES;
				GCC_WARN_UNUSED_VARIABLE = YES;
				IPHONEOS_DEPLOYMENT_TARGET = 13.2;
				MTL_ENABLE_DEBUG_INFO = INCLUDE_SOURCE;
				MTL_FAST_MATH = YES;
				ONLY_ACTIVE_ARCH = YES;
				SDKROOT = iphoneos;
				SWIFT_ACTIVE_COMPILATION_CONDITIONS = DEBUG;
				SWIFT_OPTIMIZATION_LEVEL = "-Onone";
				SWIFT_VERSION = "";
			};
			name = Debug;
		};
		F214023B23AB5382001BCB6B /* Release */ = {
			isa = XCBuildConfiguration;
			buildSettings = {
				ALWAYS_SEARCH_USER_PATHS = NO;
				CLANG_ANALYZER_NONNULL = YES;
				CLANG_ANALYZER_NUMBER_OBJECT_CONVERSION = YES_AGGRESSIVE;
				CLANG_CXX_LANGUAGE_STANDARD = "gnu++14";
				CLANG_CXX_LIBRARY = "libc++";
				CLANG_ENABLE_MODULES = YES;
				CLANG_ENABLE_OBJC_ARC = YES;
				CLANG_ENABLE_OBJC_WEAK = YES;
				CLANG_WARN_BLOCK_CAPTURE_AUTORELEASING = YES;
				CLANG_WARN_BOOL_CONVERSION = YES;
				CLANG_WARN_COMMA = YES;
				CLANG_WARN_CONSTANT_CONVERSION = YES;
				CLANG_WARN_DEPRECATED_OBJC_IMPLEMENTATIONS = YES;
				CLANG_WARN_DIRECT_OBJC_ISA_USAGE = YES_ERROR;
				CLANG_WARN_DOCUMENTATION_COMMENTS = YES;
				CLANG_WARN_EMPTY_BODY = YES;
				CLANG_WARN_ENUM_CONVERSION = YES;
				CLANG_WARN_INFINITE_RECURSION = YES;
				CLANG_WARN_INT_CONVERSION = YES;
				CLANG_WARN_NON_LITERAL_NULL_CONVERSION = YES;
				CLANG_WARN_OBJC_IMPLICIT_RETAIN_SELF = YES;
				CLANG_WARN_OBJC_LITERAL_CONVERSION = YES;
				CLANG_WARN_OBJC_ROOT_CLASS = YES_ERROR;
				CLANG_WARN_RANGE_LOOP_ANALYSIS = YES;
				CLANG_WARN_STRICT_PROTOTYPES = YES;
				CLANG_WARN_SUSPICIOUS_MOVE = YES;
				CLANG_WARN_UNGUARDED_AVAILABILITY = YES_AGGRESSIVE;
				CLANG_WARN_UNREACHABLE_CODE = YES;
				CLANG_WARN__DUPLICATE_METHOD_MATCH = YES;
				COPY_PHASE_STRIP = NO;
				DEBUG_INFORMATION_FORMAT = "dwarf-with-dsym";
				DEFINES_MODULE = YES;
				ENABLE_NS_ASSERTIONS = NO;
				ENABLE_STRICT_OBJC_MSGSEND = YES;
				GCC_C_LANGUAGE_STANDARD = gnu11;
				GCC_NO_COMMON_BLOCKS = YES;
				GCC_WARN_64_TO_32_BIT_CONVERSION = YES;
				GCC_WARN_ABOUT_RETURN_TYPE = YES_ERROR;
				GCC_WARN_UNDECLARED_SELECTOR = YES;
				GCC_WARN_UNINITIALIZED_AUTOS = YES_AGGRESSIVE;
				GCC_WARN_UNUSED_FUNCTION = YES;
				GCC_WARN_UNUSED_VARIABLE = YES;
				IPHONEOS_DEPLOYMENT_TARGET = 13.2;
				MTL_ENABLE_DEBUG_INFO = NO;
				MTL_FAST_MATH = YES;
				SDKROOT = iphoneos;
				SWIFT_COMPILATION_MODE = wholemodule;
				SWIFT_OPTIMIZATION_LEVEL = "-O";
				SWIFT_VERSION = "";
				VALIDATE_PRODUCT = YES;
			};
			name = Release;
		};
		F214023D23AB5382001BCB6B /* Debug */ = {
			isa = XCBuildConfiguration;
			buildSettings = {
				ALWAYS_EMBED_SWIFT_STANDARD_LIBRARIES = YES;
				ASSETCATALOG_COMPILER_APPICON_NAME = AppIcon;
				CLANG_ENABLE_MODULES = YES;
				CODE_SIGN_STYLE = Automatic;
				DEFINES_MODULE = YES;
				INFOPLIST_FILE = Launches/Info.plist;
				LD_RUNPATH_SEARCH_PATHS = (
					"$(inherited)",
					"@executable_path/Frameworks",
				);
				PRODUCT_BUNDLE_IDENTIFIER = andrew.boissonnault.Launches;
				PRODUCT_NAME = "$(TARGET_NAME)";
				SWIFT_INCLUDE_PATHS = "";
				SWIFT_OBJC_BRIDGING_HEADER = "";
				SWIFT_OPTIMIZATION_LEVEL = "-Onone";
				SWIFT_VERSION = 5.0;
				TARGETED_DEVICE_FAMILY = "1,2";
			};
			name = Debug;
		};
		F214023E23AB5382001BCB6B /* Release */ = {
			isa = XCBuildConfiguration;
			buildSettings = {
				ALWAYS_EMBED_SWIFT_STANDARD_LIBRARIES = YES;
				ASSETCATALOG_COMPILER_APPICON_NAME = AppIcon;
				CLANG_ENABLE_MODULES = YES;
				CODE_SIGN_STYLE = Automatic;
				DEFINES_MODULE = YES;
				INFOPLIST_FILE = Launches/Info.plist;
				LD_RUNPATH_SEARCH_PATHS = (
					"$(inherited)",
					"@executable_path/Frameworks",
				);
				PRODUCT_BUNDLE_IDENTIFIER = andrew.boissonnault.Launches;
				PRODUCT_NAME = "$(TARGET_NAME)";
				SWIFT_INCLUDE_PATHS = "";
				SWIFT_OBJC_BRIDGING_HEADER = "";
				SWIFT_VERSION = 5.0;
				TARGETED_DEVICE_FAMILY = "1,2";
			};
			name = Release;
		};
		F2326FE623AF1EE500F67875 /* Debug */ = {
			isa = XCBuildConfiguration;
			buildSettings = {
				ALWAYS_EMBED_SWIFT_STANDARD_LIBRARIES = YES;
				BUILD_LIBRARY_FOR_DISTRIBUTION = NO;
				CODE_SIGN_STYLE = Automatic;
				CURRENT_PROJECT_VERSION = 1;
				DEFINES_MODULE = YES;
				DYLIB_COMPATIBILITY_VERSION = 1;
				DYLIB_CURRENT_VERSION = 1;
				DYLIB_INSTALL_NAME_BASE = "@rpath";
				INFOPLIST_FILE = LaunchNetworking/Info.plist;
				INSTALL_PATH = "$(LOCAL_LIBRARY_DIR)/Frameworks";
				LD_RUNPATH_SEARCH_PATHS = (
					"$(inherited)",
					"@executable_path/Frameworks",
					"@loader_path/Frameworks",
				);
				PRODUCT_BUNDLE_IDENTIFIER = andrew.boissonnault.LaunchNetworking;
				PRODUCT_NAME = "$(TARGET_NAME:c99extidentifier)";
				SKIP_INSTALL = YES;
				SWIFT_OBJC_BRIDGING_HEADER = "LaunchNetworking/LaunchNetworking-Bridging-Header.h";
				SWIFT_OBJC_INTERFACE_HEADER_NAME = "$(SWIFT_MODULE_NAME)-Swift.h";
				SWIFT_VERSION = 5.0;
				TARGETED_DEVICE_FAMILY = "1,2";
				VERSIONING_SYSTEM = "apple-generic";
				VERSION_INFO_PREFIX = "";
			};
			name = Debug;
		};
		F2326FE723AF1EE500F67875 /* Release */ = {
			isa = XCBuildConfiguration;
			buildSettings = {
				ALWAYS_EMBED_SWIFT_STANDARD_LIBRARIES = YES;
				BUILD_LIBRARY_FOR_DISTRIBUTION = NO;
				CODE_SIGN_STYLE = Automatic;
				CURRENT_PROJECT_VERSION = 1;
				DEFINES_MODULE = YES;
				DYLIB_COMPATIBILITY_VERSION = 1;
				DYLIB_CURRENT_VERSION = 1;
				DYLIB_INSTALL_NAME_BASE = "@rpath";
				INFOPLIST_FILE = LaunchNetworking/Info.plist;
				INSTALL_PATH = "$(LOCAL_LIBRARY_DIR)/Frameworks";
				LD_RUNPATH_SEARCH_PATHS = (
					"$(inherited)",
					"@executable_path/Frameworks",
					"@loader_path/Frameworks",
				);
				PRODUCT_BUNDLE_IDENTIFIER = andrew.boissonnault.LaunchNetworking;
				PRODUCT_NAME = "$(TARGET_NAME:c99extidentifier)";
				SKIP_INSTALL = YES;
				SWIFT_OBJC_BRIDGING_HEADER = "LaunchNetworking/LaunchNetworking-Bridging-Header.h";
				SWIFT_OBJC_INTERFACE_HEADER_NAME = "$(SWIFT_MODULE_NAME)-Swift.h";
				SWIFT_VERSION = 5.0;
				TARGETED_DEVICE_FAMILY = "1,2";
				VERSIONING_SYSTEM = "apple-generic";
				VERSION_INFO_PREFIX = "";
			};
			name = Release;
		};
		F2326FE823AF1EE500F67875 /* Debug */ = {
			isa = XCBuildConfiguration;
			buildSettings = {
				ALWAYS_EMBED_SWIFT_STANDARD_LIBRARIES = YES;
				CODE_SIGN_STYLE = Automatic;
				INFOPLIST_FILE = LaunchNetworkingTests/Info.plist;
				LD_RUNPATH_SEARCH_PATHS = (
					"$(inherited)",
					"@executable_path/Frameworks",
					"@loader_path/Frameworks",
				);
				PRODUCT_BUNDLE_IDENTIFIER = andrew.boissonnault.LaunchNetworkingTests;
				PRODUCT_NAME = "$(TARGET_NAME)";
				SWIFT_VERSION = 5.0;
				TARGETED_DEVICE_FAMILY = "1,2";
				TEST_HOST = "$(BUILT_PRODUCTS_DIR)/Launches.app/Launches";
			};
			name = Debug;
		};
		F2326FE923AF1EE500F67875 /* Release */ = {
			isa = XCBuildConfiguration;
			buildSettings = {
				ALWAYS_EMBED_SWIFT_STANDARD_LIBRARIES = YES;
				CODE_SIGN_STYLE = Automatic;
				INFOPLIST_FILE = LaunchNetworkingTests/Info.plist;
				LD_RUNPATH_SEARCH_PATHS = (
					"$(inherited)",
					"@executable_path/Frameworks",
					"@loader_path/Frameworks",
				);
				PRODUCT_BUNDLE_IDENTIFIER = andrew.boissonnault.LaunchNetworkingTests;
				PRODUCT_NAME = "$(TARGET_NAME)";
				SWIFT_VERSION = 5.0;
				TARGETED_DEVICE_FAMILY = "1,2";
				TEST_HOST = "$(BUILT_PRODUCTS_DIR)/Launches.app/Launches";
			};
			name = Release;
		};
		F232700023AF2C1F00F67875 /* Debug */ = {
			isa = XCBuildConfiguration;
			buildSettings = {
				BUNDLE_LOADER = "$(TEST_HOST)";
				CODE_SIGN_STYLE = Automatic;
				INFOPLIST_FILE = LaunchNetworkingIntegrationTests/Info.plist;
				LD_RUNPATH_SEARCH_PATHS = (
					"$(inherited)",
					"@executable_path/Frameworks",
					"@loader_path/Frameworks",
				);
				PRODUCT_BUNDLE_IDENTIFIER = andrew.boissonnault.LaunchNetworkingIntegrationTests;
				PRODUCT_NAME = "$(TARGET_NAME)";
				SWIFT_VERSION = 5.0;
				TARGETED_DEVICE_FAMILY = "1,2";
				TEST_HOST = "$(BUILT_PRODUCTS_DIR)/Launches.app/Launches";
			};
			name = Debug;
		};
		F232700123AF2C1F00F67875 /* Release */ = {
			isa = XCBuildConfiguration;
			buildSettings = {
				BUNDLE_LOADER = "$(TEST_HOST)";
				CODE_SIGN_STYLE = Automatic;
				INFOPLIST_FILE = LaunchNetworkingIntegrationTests/Info.plist;
				LD_RUNPATH_SEARCH_PATHS = (
					"$(inherited)",
					"@executable_path/Frameworks",
					"@loader_path/Frameworks",
				);
				PRODUCT_BUNDLE_IDENTIFIER = andrew.boissonnault.LaunchNetworkingIntegrationTests;
				PRODUCT_NAME = "$(TARGET_NAME)";
				SWIFT_VERSION = 5.0;
				TARGETED_DEVICE_FAMILY = "1,2";
				TEST_HOST = "$(BUILT_PRODUCTS_DIR)/Launches.app/Launches";
			};
			name = Release;
		};
		F2503F4323AF4ED800091E5F /* Debug */ = {
			isa = XCBuildConfiguration;
			buildSettings = {
				BUNDLE_LOADER = "$(TEST_HOST)";
				CODE_SIGN_STYLE = Automatic;
				INFOPLIST_FILE = LaunchTests/Info.plist;
				LD_RUNPATH_SEARCH_PATHS = (
					"$(inherited)",
					"@executable_path/Frameworks",
					"@loader_path/Frameworks",
				);
				PRODUCT_BUNDLE_IDENTIFIER = andrew.boissonnault.LaunchTests;
				PRODUCT_NAME = "$(TARGET_NAME)";
				SWIFT_VERSION = 5.0;
				TARGETED_DEVICE_FAMILY = "1,2";
				TEST_HOST = "$(BUILT_PRODUCTS_DIR)/Launches.app/Launches";
			};
			name = Debug;
		};
		F2503F4423AF4ED800091E5F /* Release */ = {
			isa = XCBuildConfiguration;
			buildSettings = {
				BUNDLE_LOADER = "$(TEST_HOST)";
				CODE_SIGN_STYLE = Automatic;
				INFOPLIST_FILE = LaunchTests/Info.plist;
				LD_RUNPATH_SEARCH_PATHS = (
					"$(inherited)",
					"@executable_path/Frameworks",
					"@loader_path/Frameworks",
				);
				PRODUCT_BUNDLE_IDENTIFIER = andrew.boissonnault.LaunchTests;
				PRODUCT_NAME = "$(TARGET_NAME)";
				SWIFT_VERSION = 5.0;
				TARGETED_DEVICE_FAMILY = "1,2";
				TEST_HOST = "$(BUILT_PRODUCTS_DIR)/Launches.app/Launches";
			};
			name = Release;
		};
		F2503F5123AF4F1800091E5F /* Debug */ = {
			isa = XCBuildConfiguration;
			buildSettings = {
				BUNDLE_LOADER = "$(TEST_HOST)";
				CODE_SIGN_STYLE = Automatic;
				INFOPLIST_FILE = LaunchIntegrationTests/Info.plist;
				LD_RUNPATH_SEARCH_PATHS = (
					"$(inherited)",
					"@executable_path/Frameworks",
					"@loader_path/Frameworks",
				);
				PRODUCT_BUNDLE_IDENTIFIER = andrew.boissonnault.LaunchIntegrationTests;
				PRODUCT_NAME = "$(TARGET_NAME)";
				SWIFT_VERSION = 5.0;
				TARGETED_DEVICE_FAMILY = "1,2";
				TEST_HOST = "$(BUILT_PRODUCTS_DIR)/Launches.app/Launches";
			};
			name = Debug;
		};
		F2503F5223AF4F1800091E5F /* Release */ = {
			isa = XCBuildConfiguration;
			buildSettings = {
				BUNDLE_LOADER = "$(TEST_HOST)";
				CODE_SIGN_STYLE = Automatic;
				INFOPLIST_FILE = LaunchIntegrationTests/Info.plist;
				LD_RUNPATH_SEARCH_PATHS = (
					"$(inherited)",
					"@executable_path/Frameworks",
					"@loader_path/Frameworks",
				);
				PRODUCT_BUNDLE_IDENTIFIER = andrew.boissonnault.LaunchIntegrationTests;
				PRODUCT_NAME = "$(TARGET_NAME)";
				SWIFT_VERSION = 5.0;
				TARGETED_DEVICE_FAMILY = "1,2";
				TEST_HOST = "$(BUILT_PRODUCTS_DIR)/Launches.app/Launches";
			};
			name = Release;
		};
/* End XCBuildConfiguration section */

/* Begin XCConfigurationList section */
		F214020D23AB5381001BCB6B /* Build configuration list for PBXProject "Launches" */ = {
			isa = XCConfigurationList;
			buildConfigurations = (
				F214023A23AB5382001BCB6B /* Debug */,
				F214023B23AB5382001BCB6B /* Release */,
			);
			defaultConfigurationIsVisible = 0;
			defaultConfigurationName = Release;
		};
		F214023C23AB5382001BCB6B /* Build configuration list for PBXNativeTarget "Launches" */ = {
			isa = XCConfigurationList;
			buildConfigurations = (
				F214023D23AB5382001BCB6B /* Debug */,
				F214023E23AB5382001BCB6B /* Release */,
			);
			defaultConfigurationIsVisible = 0;
			defaultConfigurationName = Release;
		};
		F2326FEA23AF1EE500F67875 /* Build configuration list for PBXNativeTarget "LaunchNetworking" */ = {
			isa = XCConfigurationList;
			buildConfigurations = (
				F2326FE623AF1EE500F67875 /* Debug */,
				F2326FE723AF1EE500F67875 /* Release */,
			);
			defaultConfigurationIsVisible = 0;
			defaultConfigurationName = Release;
		};
		F2326FEB23AF1EE500F67875 /* Build configuration list for PBXNativeTarget "LaunchNetworkingTests" */ = {
			isa = XCConfigurationList;
			buildConfigurations = (
				F2326FE823AF1EE500F67875 /* Debug */,
				F2326FE923AF1EE500F67875 /* Release */,
			);
			defaultConfigurationIsVisible = 0;
			defaultConfigurationName = Release;
		};
		F2326FFF23AF2C1F00F67875 /* Build configuration list for PBXNativeTarget "LaunchNetworkingIntegrationTests" */ = {
			isa = XCConfigurationList;
			buildConfigurations = (
				F232700023AF2C1F00F67875 /* Debug */,
				F232700123AF2C1F00F67875 /* Release */,
			);
			defaultConfigurationIsVisible = 0;
			defaultConfigurationName = Release;
		};
		F2503F4223AF4ED800091E5F /* Build configuration list for PBXNativeTarget "LaunchTests" */ = {
			isa = XCConfigurationList;
			buildConfigurations = (
				F2503F4323AF4ED800091E5F /* Debug */,
				F2503F4423AF4ED800091E5F /* Release */,
			);
			defaultConfigurationIsVisible = 0;
			defaultConfigurationName = Release;
		};
		F2503F5023AF4F1800091E5F /* Build configuration list for PBXNativeTarget "LaunchIntegrationTests" */ = {
			isa = XCConfigurationList;
			buildConfigurations = (
				F2503F5123AF4F1800091E5F /* Debug */,
				F2503F5223AF4F1800091E5F /* Release */,
			);
			defaultConfigurationIsVisible = 0;
			defaultConfigurationName = Release;
		};
/* End XCConfigurationList section */
	};
	rootObject = F214020A23AB5381001BCB6B /* Project object */;
}
